# THIS IS AN AUTOGENERATED FILE. DO NOT EDIT THIS FILE DIRECTLY.
# yarn lockfile v1


ccxt@^1.37.42:
  version "1.37.42"
  resolved "https://registry.yarnpkg.com/ccxt/-/ccxt-1.37.42.tgz#adbabfe1f5ffdcb77fd484578b4f38688db523bf"
  integrity sha512-9aknEE+RxiOMZPVjzJ8ZTBZKrpXQ7CoRxL/26fuIItJwq15OPkdZUp/nhcANe/7WgVZZRDSYp9u6SoPvj76Ijw==
